Microsoft Visual Studio Solution File, Format Version 12.00
# Visual Studio Version 17
VisualStudioVersion = 17.0.31611.283
MinimumVisualStudioVersion = 10.0.40219.1
Project("{9A19103F-16F7-4668-BE54-9A1E7A4F7556}") = "MauiDatabase", "MauiDatabase\MauiDatabase.csproj", "{4EB23638-7EB6-4128-B0B2-F9AC8B6443D8}"
EndProject
Project("{FAE04EC0-301F-11D3-BF4B-00C04F79EFBC}") = "MauiDatabase.Entity", "MauiDatabase.Entity\MauiDatabase.Entity.csproj", "{6143BDFF-8581-4C21-97EF-FDFAEA5040FB}"
EndProject
Project("{FAE04EC0-301F-11D3-BF4B-00C04F79EFBC}") = "MauiDatabase.Shared", "MauiDatabase.Shared\MauiDatabase.Shared.csproj", "{4184AF59-2EFE-433B-BA63-4892C7767D0A}"
EndProject
Global
	GlobalSection(SolutionConfigurationPlatforms) = preSolution
		Debug|Any CPU = Debug|Any CPU
		Release|Any CPU = Release|Any CPU
	EndGlobalSection
	GlobalSection(ProjectConfigurationPlatforms) = postSolution
		{4EB23638-7EB6-4128-B0B2-F9AC8B6443D8}.Debug|Any CPU.ActiveCfg = Debug|Any CPU
		{4EB23638-7EB6-4128-B0B2-F9AC8B6443D8}.Debug|Any CPU.Build.0 = Debug|Any CPU
		{4EB23638-7EB6-4128-B0B2-F9AC8B6443D8}.Debug|Any CPU.Deploy.0 = Debug|Any CPU
		{4EB23638-7EB6-4128-B0B2-F9AC8B6443D8}.Release|Any CPU.ActiveCfg = Release|Any CPU
		{4EB23638-7EB6-4128-B0B2-F9AC8B6443D8}.Release|Any CPU.Build.0 = Release|Any CPU
		{4EB23638-7EB6-4128-B0B2-F9AC8B6443D8}.Release|Any CPU.Deploy.0 = Release|Any CPU
		{6143BDFF-8581-4C21-97EF-FDFAEA5040FB}.Debug|Any CPU.ActiveCfg = Debug|Any CPU
		{6143BDFF-8581-4C21-97EF-FDFAEA5040FB}.Debug|Any CPU.Build.0 = Debug|Any CPU
		{6143BDFF-8581-4C21-97EF-FDFAEA5040FB}.Release|Any CPU.ActiveCfg = Release|Any CPU
		{6143BDFF-8581-4C21-97EF-FDFAEA5040FB}.Release|Any CPU.Build.0 = Release|Any CPU
		{4184AF59-2EFE-433B-BA63-4892C7767D0A}.Debug|Any CPU.ActiveCfg = Debug|Any CPU
		{4184AF59-2EFE-433B-BA63-4892C7767D0A}.Debug|Any CPU.Build.0 = Debug|Any CPU
		{4184AF59-2EFE-433B-BA63-4892C7767D0A}.Release|Any CPU.ActiveCfg = Release|Any CPU
		{4184AF59-2EFE-433B-BA63-4892C7767D0A}.Release|Any CPU.Build.0 = Release|Any CPU
	EndGlobalSection
	GlobalSection(SolutionProperties) = preSolution
		HideSolutionNode = FALSE
	EndGlobalSection
	GlobalSection(ExtensibilityGlobals) = postSolution
		SolutionGuid = {AD5006CD-1123-4874-A206-C8734025FAA2}
		        SolutionGuid = {61F7FB11-1E47-470C-91E2-47F8143E1572}
	EndGlobalSection
EndGlobal
